
Microsoft Visual Studio Solution File, Format Version 12.00
# Visual Studio Version 17
VisualStudioVersion = 17.5.002.0
MinimumVisualStudioVersion = 10.0.40219.1
Project("{9A19103F-16F7-4668-BE54-9A1E7A4F7556}") = "Server", "Server\Server.csproj", "{E83103A5-AA16-4DF1-8F49-E6ABEA950D8B}"
EndProject
Global
	GlobalSection(SolutionConfigurationPlatforms) = preSolution
		Debug|Any CPU = Debug|Any CPU
		Release|Any CPU = Release|Any CPU
	EndGlobalSection
	GlobalSection(ProjectConfigurationPlatforms) = postSolution
		{E83103A5-AA16-4DF1-8F49-E6ABEA950D8B}.Debug|Any CPU.ActiveCfg = Debug|Any CPU
		{E83103A5-AA16-4DF1-8F49-E6ABEA950D8B}.Debug|Any CPU.Build.0 = Debug|Any CPU
		{E83103A5-AA16-4DF1-8F49-E6ABEA950D8B}.Release|Any CPU.ActiveCfg = Release|Any CPU
		{E83103A5-AA16-4DF1-8F49-E6ABEA950D8B}.Release|Any CPU.Build.0 = Release|Any CPU
	EndGlobalSection
	GlobalSection(SolutionProperties) = preSolution
		HideSolutionNode = FALSE
	EndGlobalSection
	GlobalSection(ExtensibilityGlobals) = postSolution
		SolutionGuid = {7B333060-78B6-4DB2-843B-247F6E221850}
	EndGlobalSection
EndGlobal
